
Microsoft Visual Studio Solution File, Format Version 12.00
# Visual Studio Version 16
VisualStudioVersion = 16.0.31624.102
MinimumVisualStudioVersion = 10.0.40219.1
Project("{FAE04EC0-301F-11D3-BF4B-00C04F79EFBC}") = "Tuan4_TranNguyenAnhQuan1", "Tuan4_TranNguyenAnhQuan1\Tuan4_TranNguyenAnhQuan1.csproj", "{543B695F-585A-47EB-BE4D-C5474817E58E}"
EndProject
Global
	GlobalSection(SolutionConfigurationPlatforms) = preSolution
		Debug|Any CPU = Debug|Any CPU
		Release|Any CPU = Release|Any CPU
	EndGlobalSection
	GlobalSection(ProjectConfigurationPlatforms) = postSolution
		{543B695F-585A-47EB-BE4D-C5474817E58E}.Debug|Any CPU.ActiveCfg = Debug|Any CPU
		{543B695F-585A-47EB-BE4D-C5474817E58E}.Debug|Any CPU.Build.0 = Debug|Any CPU
		{543B695F-585A-47EB-BE4D-C5474817E58E}.Release|Any CPU.ActiveCfg = Release|Any CPU
		{543B695F-585A-47EB-BE4D-C5474817E58E}.Release|Any CPU.Build.0 = Release|Any CPU
	EndGlobalSection
	GlobalSection(SolutionProperties) = preSolution
		HideSolutionNode = FALSE
	EndGlobalSection
	GlobalSection(ExtensibilityGlobals) = postSolution
		SolutionGuid = {9A4C7303-5B94-4FCF-9118-86F62E4BA8B0}
	EndGlobalSection
EndGlobal
